
Microsoft Visual Studio Solution File, Format Version 12.00
# Visual Studio Version 16
VisualStudioVersion = 16.0.31205.134
MinimumVisualStudioVersion = 10.0.40219.1
Project("{FAE04EC0-301F-11D3-BF4B-00C04F79EFBC}") = "ManterPessoa", "ManterPessoa\ManterPessoa.csproj", "{C804E16D-D2AF-4BE7-8988-32D36D4DD584}"
EndProject
Global
	GlobalSection(SolutionConfigurationPlatforms) = preSolution
		Debug|Any CPU = Debug|Any CPU
		Release|Any CPU = Release|Any CPU
	EndGlobalSection
	GlobalSection(ProjectConfigurationPlatforms) = postSolution
		{C804E16D-D2AF-4BE7-8988-32D36D4DD584}.Debug|Any CPU.ActiveCfg = Debug|Any CPU
		{C804E16D-D2AF-4BE7-8988-32D36D4DD584}.Debug|Any CPU.Build.0 = Debug|Any CPU
		{C804E16D-D2AF-4BE7-8988-32D36D4DD584}.Release|Any CPU.ActiveCfg = Release|Any CPU
		{C804E16D-D2AF-4BE7-8988-32D36D4DD584}.Release|Any CPU.Build.0 = Release|Any CPU
	EndGlobalSection
	GlobalSection(SolutionProperties) = preSolution
		HideSolutionNode = FALSE
	EndGlobalSection
	GlobalSection(ExtensibilityGlobals) = postSolution
		SolutionGuid = {23EAC346-3375-4614-B778-5075D34AEE60}
	EndGlobalSection
EndGlobal
